
Microsoft Visual Studio Solution File, Format Version 12.00
# Visual Studio Version 17
VisualStudioVersion = 17.11.35219.272
MinimumVisualStudioVersion = 10.0.40219.1
Project("{FAE04EC0-301F-11D3-BF4B-00C04F79EFBC}") = "Pokémon Generator", "Pokémon Generator\Pokémon Generator.csproj", "{367CB862-6DDB-4E07-BC6E-2DF17140F93C}"
EndProject
Global
	GlobalSection(SolutionConfigurationPlatforms) = preSolution
		Debug|Any CPU = Debug|Any CPU
		Release|Any CPU = Release|Any CPU
	EndGlobalSection
	GlobalSection(ProjectConfigurationPlatforms) = postSolution
		{367CB862-6DDB-4E07-BC6E-2DF17140F93C}.Debug|Any CPU.ActiveCfg = Debug|Any CPU
		{367CB862-6DDB-4E07-BC6E-2DF17140F93C}.Debug|Any CPU.Build.0 = Debug|Any CPU
		{367CB862-6DDB-4E07-BC6E-2DF17140F93C}.Release|Any CPU.ActiveCfg = Release|Any CPU
		{367CB862-6DDB-4E07-BC6E-2DF17140F93C}.Release|Any CPU.Build.0 = Release|Any CPU
	EndGlobalSection
	GlobalSection(SolutionProperties) = preSolution
		HideSolutionNode = FALSE
	EndGlobalSection
	GlobalSection(ExtensibilityGlobals) = postSolution
		SolutionGuid = {7B7D42F8-366B-4B30-B00B-47C26BC457C4}
	EndGlobalSection
EndGlobal
